// !$*UTF8*$!
{
	archiveVersion = 1;
	classes = {
	};
	objectVersion = 46;
	objects = {

/* Begin PBXBuildFile section */
		5ACF7B571F5C6EC4004C76D3 /* Localizable.strings in Resources */ = {isa = PBXBuildFile; fileRef = 5ACF7B551F5C6EC4004C76D3 /* Localizable.strings */; };
		5AEBF4471EDE740900C349F5 /* InfoPlist.strings in Resources */ = {isa = PBXBuildFile; fileRef = 5AEBF4451EDE740900C349F5 /* InfoPlist.strings */; };
		5AF4E7621EBE72A600523531 /* AppDelegate.swift in Sources */ = {isa = PBXBuildFile; fileRef = 5AF4E7611EBE72A600523531 /* AppDelegate.swift */; };
		5AF4E7641EBE72A600523531 /* YourRightsViewController.swift in Sources */ = {isa = PBXBuildFile; fileRef = 5AF4E7631EBE72A600523531 /* YourRightsViewController.swift */; };
		5AF4E7661EBE72A600523531 /* HotlineViewController.swift in Sources */ = {isa = PBXBuildFile; fileRef = 5AF4E7651EBE72A600523531 /* HotlineViewController.swift */; };
		5AF4E7691EBE72A600523531 /* Main.storyboard in Resources */ = {isa = PBXBuildFile; fileRef = 5AF4E7671EBE72A600523531 /* Main.storyboard */; };
		5AF4E76B1EBE72A600523531 /* Assets.xcassets in Resources */ = {isa = PBXBuildFile; fileRef = 5AF4E76A1EBE72A600523531 /* Assets.xcassets */; };
		5AF4E76E1EBE72A600523531 /* LaunchScreen.storyboard in Resources */ = {isa = PBXBuildFile; fileRef = 5AF4E76C1EBE72A600523531 /* LaunchScreen.storyboard */; };
		5AF4E7791EBE72A700523531 /* KnowYourRightsTests.swift in Sources */ = {isa = PBXBuildFile; fileRef = 5AF4E7781EBE72A700523531 /* KnowYourRightsTests.swift */; };
		5AF4E7841EBE72A700523531 /* KnowYourRightsUITests.swift in Sources */ = {isa = PBXBuildFile; fileRef = 5AF4E7831EBE72A700523531 /* KnowYourRightsUITests.swift */; };
		5AF4E7921EBE7AAA00523531 /* ToOfficersViewController.swift in Sources */ = {isa = PBXBuildFile; fileRef = 5AF4E7911EBE7AAA00523531 /* ToOfficersViewController.swift */; };
		5AFE946D1EC77676004693C5 /* Resources.bundle in Resources */ = {isa = PBXBuildFile; fileRef = 5AFE946C1EC77675004693C5 /* Resources.bundle */; };
/* End PBXBuildFile section */

/* Begin PBXContainerItemProxy section */
		5AF4E7751EBE72A700523531 /* PBXContainerItemProxy */ = {
			isa = PBXContainerItemProxy;
			containerPortal = 5AF4E7561EBE72A600523531 /* Project object */;
			proxyType = 1;
			remoteGlobalIDString = 5AF4E75D1EBE72A600523531;
			remoteInfo = KnowYourRights;
		};
		5AF4E7801EBE72A700523531 /* PBXContainerItemProxy */ = {
			isa = PBXContainerItemProxy;
			containerPortal = 5AF4E7561EBE72A600523531 /* Project object */;
			proxyType = 1;
			remoteGlobalIDString = 5AF4E75D1EBE72A600523531;
			remoteInfo = KnowYourRights;
		};
/* End PBXContainerItemProxy section */

/* Begin PBXFileReference section */
		5A3A2C571F5CEF3600A589CC /* ko */ = {isa = PBXFileReference; lastKnownFileType = text.plist.strings; name = ko; path = ko.lproj/Localizable.strings; sourceTree = "<group>"; };
		5A3A2C581F5CEF3B00A589CC /* pt */ = {isa = PBXFileReference; lastKnownFileType = text.plist.strings; name = pt; path = pt.lproj/Localizable.strings; sourceTree = "<group>"; };
		5A3A2C591F5CEF3D00A589CC /* zh-Hans */ = {isa = PBXFileReference; lastKnownFileType = text.plist.strings; name = "zh-Hans"; path = "zh-Hans.lproj/Localizable.strings"; sourceTree = "<group>"; };
		5A882FC91EDD2CB6006DD0C0 /* zh-Hans */ = {isa = PBXFileReference; lastKnownFileType = text.plist.strings; name = "zh-Hans"; path = "zh-Hans.lproj/Main.strings"; sourceTree = "<group>"; };
		5A882FCA1EDD2CC0006DD0C0 /* zh-Hans */ = {isa = PBXFileReference; lastKnownFileType = text.plist.strings; name = "zh-Hans"; path = "zh-Hans.lproj/LaunchScreen.strings"; sourceTree = "<group>"; };
		5A882FCB1EDD2CCF006DD0C0 /* es */ = {isa = PBXFileReference; lastKnownFileType = text.plist.strings; name = es; path = es.lproj/Main.strings; sourceTree = "<group>"; };
		5A882FCC1EDD2CD0006DD0C0 /* es */ = {isa = PBXFileReference; lastKnownFileType = text.plist.strings; name = es; path = es.lproj/LaunchScreen.strings; sourceTree = "<group>"; };
		5A882FCE1EDD2CDD006DD0C0 /* ko */ = {isa = PBXFileReference; lastKnownFileType = text.plist.strings; name = ko; path = ko.lproj/LaunchScreen.strings; sourceTree = "<group>"; };
		5A882FCF1EDD2D04006DD0C0 /* pt */ = {isa = PBXFileReference; lastKnownFileType = text.plist.strings; name = pt; path = pt.lproj/Main.strings; sourceTree = "<group>"; };
		5A882FD01EDD2D04006DD0C0 /* pt */ = {isa = PBXFileReference; lastKnownFileType = text.plist.strings; name = pt; path = pt.lproj/LaunchScreen.strings; sourceTree = "<group>"; };
		5ACF7B561F5C6EC4004C76D3 /* Base */ = {isa = PBXFileReference; lastKnownFileType = text.plist.strings; name = Base; path = Base.lproj/Localizable.strings; sourceTree = "<group>"; };
		5ADDA66F1F5CED6000F23CAF /* es */ = {isa = PBXFileReference; lastKnownFileType = text.plist.strings; name = es; path = es.lproj/Localizable.strings; sourceTree = "<group>"; };
		5AEBF4381EDE65DE00C349F5 /* ko */ = {isa = PBXFileReference; lastKnownFileType = text.plist.strings; name = ko; path = ko.lproj/Main.strings; sourceTree = "<group>"; };
		5AEBF43F1EDE67DF00C349F5 /* Base */ = {isa = PBXFileReference; lastKnownFileType = text.plist.xml; name = Base; path = Base.lproj/Info.plist; sourceTree = "<group>"; };
		5AEBF4461EDE740900C349F5 /* Base */ = {isa = PBXFileReference; lastKnownFileType = text.plist.strings; name = Base; path = KnowYourRights/Base.lproj/InfoPlist.strings; sourceTree = "<group>"; };
		5AEBF4481EDE745800C349F5 /* ko */ = {isa = PBXFileReference; lastKnownFileType = text.plist.strings; name = ko; path = KnowYourRights/ko.lproj/InfoPlist.strings; sourceTree = "<group>"; };
		5AEBF4491EDE745E00C349F5 /* pt */ = {isa = PBXFileReference; lastKnownFileType = text.plist.strings; name = pt; path = KnowYourRights/pt.lproj/InfoPlist.strings; sourceTree = "<group>"; };
		5AEBF44A1EDE745F00C349F5 /* es */ = {isa = PBXFileReference; lastKnownFileType = text.plist.strings; name = es; path = KnowYourRights/es.lproj/InfoPlist.strings; sourceTree = "<group>"; };
		5AEBF44B1EDE746000C349F5 /* zh-Hans */ = {isa = PBXFileReference; lastKnownFileType = text.plist.strings; name = "zh-Hans"; path = "KnowYourRights/zh-Hans.lproj/InfoPlist.strings"; sourceTree = "<group>"; };
		5AF4E75E1EBE72A600523531 /* KnowYourRights.app */ = {isa = PBXFileReference; explicitFileType = wrapper.application; includeInIndex = 0; path = KnowYourRights.app; sourceTree = BUILT_PRODUCTS_DIR; };
		5AF4E7611EBE72A600523531 /* AppDelegate.swift */ = {isa = PBXFileReference; lastKnownFileType = sourcecode.swift; path = AppDelegate.swift; sourceTree = "<group>"; };
		5AF4E7631EBE72A600523531 /* YourRightsViewController.swift */ = {isa = PBXFileReference; lastKnownFileType = sourcecode.swift; path = YourRightsViewController.swift; sourceTree = "<group>"; };
		5AF4E7651EBE72A600523531 /* HotlineViewController.swift */ = {isa = PBXFileReference; lastKnownFileType = sourcecode.swift; path = HotlineViewController.swift; sourceTree = "<group>"; };
		5AF4E7681EBE72A600523531 /* Base */ = {isa = PBXFileReference; lastKnownFileType = file.storyboard; name = Base; path = Base.lproj/Main.storyboard; sourceTree = "<group>"; };
		5AF4E76A1EBE72A600523531 /* Assets.xcassets */ = {isa = PBXFileReference; lastKnownFileType = folder.assetcatalog; path = Assets.xcassets; sourceTree = "<group>"; };
		5AF4E76D1EBE72A600523531 /* Base */ = {isa = PBXFileReference; lastKnownFileType = file.storyboard; name = Base; path = Base.lproj/LaunchScreen.storyboard; sourceTree = "<group>"; };
		5AF4E7741EBE72A700523531 /* KnowYourRightsTests.xctest */ = {isa = PBXFileReference; explicitFileType = wrapper.cfbundle; includeInIndex = 0; path = KnowYourRightsTests.xctest; sourceTree = BUILT_PRODUCTS_DIR; };
		5AF4E7781EBE72A700523531 /* KnowYourRightsTests.swift */ = {isa = PBXFileReference; lastKnownFileType = sourcecode.swift; path = KnowYourRightsTests.swift; sourceTree = "<group>"; };
		5AF4E77A1EBE72A700523531 /* Info.plist */ = {isa = PBXFileReference; lastKnownFileType = text.plist.xml; path = Info.plist; sourceTree = "<group>"; };
		5AF4E77F1EBE72A700523531 /* KnowYourRightsUITests.xctest */ = {isa = PBXFileReference; explicitFileType = wrapper.cfbundle; includeInIndex = 0; path = KnowYourRightsUITests.xctest; sourceTree = BUILT_PRODUCTS_DIR; };
		5AF4E7831EBE72A700523531 /* KnowYourRightsUITests.swift */ = {isa = PBXFileReference; lastKnownFileType = sourcecode.swift; path = KnowYourRightsUITests.swift; sourceTree = "<group>"; };
		5AF4E7851EBE72A700523531 /* Info.plist */ = {isa = PBXFileReference; lastKnownFileType = text.plist.xml; path = Info.plist; sourceTree = "<group>"; };
		5AF4E7911EBE7AAA00523531 /* ToOfficersViewController.swift */ = {isa = PBXFileReference; fileEncoding = 4; lastKnownFileType = sourcecode.swift; path = ToOfficersViewController.swift; sourceTree = "<group>"; };
		5AFE946C1EC77675004693C5 /* Resources.bundle */ = {isa = PBXFileReference; lastKnownFileType = "wrapper.plug-in"; path = Resources.bundle; sourceTree = "<group>"; };
/* End PBXFileReference section */

/* Begin PBXFrameworksBuildPhase section */
		5AF4E75B1EBE72A600523531 /* Frameworks */ = {
			isa = PBXFrameworksBuildPhase;
			buildActionMask = 2147483647;
			files = (
			);
			runOnlyForDeploymentPostprocessing = 0;
		};
		5AF4E7711EBE72A700523531 /* Frameworks */ = {
			isa = PBXFrameworksBuildPhase;
			buildActionMask = 2147483647;
			files = (
			);
			runOnlyForDeploymentPostprocessing = 0;
		};
		5AF4E77C1EBE72A700523531 /* Frameworks */ = {
			isa = PBXFrameworksBuildPhase;
			buildActionMask = 2147483647;
			files = (
			);
			runOnlyForDeploymentPostprocessing = 0;
		};
/* End PBXFrameworksBuildPhase section */

/* Begin PBXGroup section */
		5AF4E7551EBE72A600523531 = {
			isa = PBXGroup;
			children = (
				5AEBF4451EDE740900C349F5 /* InfoPlist.strings */,
				5AF4E7601EBE72A600523531 /* KnowYourRights */,
				5AF4E7771EBE72A700523531 /* KnowYourRightsTests */,
				5AF4E7821EBE72A700523531 /* KnowYourRightsUITests */,
				5AF4E75F1EBE72A600523531 /* Products */,
			);
			sourceTree = "<group>";
		};
		5AF4E75F1EBE72A600523531 /* Products */ = {
			isa = PBXGroup;
			children = (
				5AF4E75E1EBE72A600523531 /* KnowYourRights.app */,
				5AF4E7741EBE72A700523531 /* KnowYourRightsTests.xctest */,
				5AF4E77F1EBE72A700523531 /* KnowYourRightsUITests.xctest */,
			);
			name = Products;
			sourceTree = "<group>";
		};
		5AF4E7601EBE72A600523531 /* KnowYourRights */ = {
			isa = PBXGroup;
			children = (
				5AFE946C1EC77675004693C5 /* Resources.bundle */,
				5AF4E7611EBE72A600523531 /* AppDelegate.swift */,
				5AF4E7631EBE72A600523531 /* YourRightsViewController.swift */,
				5AF4E7651EBE72A600523531 /* HotlineViewController.swift */,
				5AF4E7911EBE7AAA00523531 /* ToOfficersViewController.swift */,
				5AF4E7671EBE72A600523531 /* Main.storyboard */,
				5AF4E76A1EBE72A600523531 /* Assets.xcassets */,
				5AF4E76C1EBE72A600523531 /* LaunchScreen.storyboard */,
				5AEBF43A1EDE676800C349F5 /* Info.plist */,
				5ACF7B551F5C6EC4004C76D3 /* Localizable.strings */,
			);
			path = KnowYourRights;
			sourceTree = "<group>";
		};
		5AF4E7771EBE72A700523531 /* KnowYourRightsTests */ = {
			isa = PBXGroup;
			children = (
				5AF4E7781EBE72A700523531 /* KnowYourRightsTests.swift */,
				5AF4E77A1EBE72A700523531 /* Info.plist */,
			);
			path = KnowYourRightsTests;
			sourceTree = "<group>";
		};
		5AF4E7821EBE72A700523531 /* KnowYourRightsUITests */ = {
			isa = PBXGroup;
			children = (
				5AF4E7831EBE72A700523531 /* KnowYourRightsUITests.swift */,
				5AF4E7851EBE72A700523531 /* Info.plist */,
			);
			path = KnowYourRightsUITests;
			sourceTree = "<group>";
		};
/* End PBXGroup section */

/* Begin PBXNativeTarget section */
		5AF4E75D1EBE72A600523531 /* KnowYourRights */ = {
			isa = PBXNativeTarget;
			buildConfigurationList = 5AF4E7881EBE72A700523531 /* Build configuration list for PBXNativeTarget "KnowYourRights" */;
			buildPhases = (
				5AF4E75A1EBE72A600523531 /* Sources */,
				5AF4E75B1EBE72A600523531 /* Frameworks */,
				5AF4E75C1EBE72A600523531 /* Resources */,
			);
			buildRules = (
			);
			dependencies = (
			);
			name = KnowYourRights;
			productName = KnowYourRights;
			productReference = 5AF4E75E1EBE72A600523531 /* KnowYourRights.app */;
			productType = "com.apple.product-type.application";
		};
		5AF4E7731EBE72A700523531 /* KnowYourRightsTests */ = {
			isa = PBXNativeTarget;
			buildConfigurationList = 5AF4E78B1EBE72A700523531 /* Build configuration list for PBXNativeTarget "KnowYourRightsTests" */;
			buildPhases = (
				5AF4E7701EBE72A700523531 /* Sources */,
				5AF4E7711EBE72A700523531 /* Frameworks */,
				5AF4E7721EBE72A700523531 /* Resources */,
			);
			buildRules = (
			);
			dependencies = (
				5AF4E7761EBE72A700523531 /* PBXTargetDependency */,
			);
			name = KnowYourRightsTests;
			productName = KnowYourRightsTests;
			productReference = 5AF4E7741EBE72A700523531 /* KnowYourRightsTests.xctest */;
			productType = "com.apple.product-type.bundle.unit-test";
		};
		5AF4E77E1EBE72A700523531 /* KnowYourRightsUITests */ = {
			isa = PBXNativeTarget;
			buildConfigurationList = 5AF4E78E1EBE72A700523531 /* Build configuration list for PBXNativeTarget "KnowYourRightsUITests" */;
			buildPhases = (
				5AF4E77B1EBE72A700523531 /* Sources */,
				5AF4E77C1EBE72A700523531 /* Frameworks */,
				5AF4E77D1EBE72A700523531 /* Resources */,
			);
			buildRules = (
			);
			dependencies = (
				5AF4E7811EBE72A700523531 /* PBXTargetDependency */,
			);
			name = KnowYourRightsUITests;
			productName = KnowYourRightsUITests;
			productReference = 5AF4E77F1EBE72A700523531 /* KnowYourRightsUITests.xctest */;
			productType = "com.apple.product-type.bundle.ui-testing";
		};
/* End PBXNativeTarget section */

/* Begin PBXProject section */
		5AF4E7561EBE72A600523531 /* Project object */ = {
			isa = PBXProject;
			attributes = {
				LastSwiftUpdateCheck = 0830;
				LastUpgradeCheck = 0900;
				ORGANIZATIONNAME = "ZUWHAN KIM";
				TargetAttributes = {
					5AF4E75D1EBE72A600523531 = {
						CreatedOnToolsVersion = 8.3.2;
						DevelopmentTeam = 4CRH4PLCHL;
						LastSwiftMigration = 0900;
						ProvisioningStyle = Automatic;
					};
					5AF4E7731EBE72A700523531 = {
						CreatedOnToolsVersion = 8.3.2;
						LastSwiftMigration = 0900;
						ProvisioningStyle = Automatic;
						TestTargetID = 5AF4E75D1EBE72A600523531;
					};
					5AF4E77E1EBE72A700523531 = {
						CreatedOnToolsVersion = 8.3.2;
						LastSwiftMigration = 0900;
						ProvisioningStyle = Automatic;
						TestTargetID = 5AF4E75D1EBE72A600523531;
					};
				};
			};
			buildConfigurationList = 5AF4E7591EBE72A600523531 /* Build configuration list for PBXProject "KnowYourRights" */;
			compatibilityVersion = "Xcode 3.2";
			developmentRegion = English;
			hasScannedForEncodings = 0;
			knownRegions = (
				en,
				Base,
				ko,
				es,
				pt,
				"zh-Hans",
			);
			mainGroup = 5AF4E7551EBE72A600523531;
			productRefGroup = 5AF4E75F1EBE72A600523531 /* Products */;
			projectDirPath = "";
			projectRoot = "";
			targets = (
				5AF4E75D1EBE72A600523531 /* KnowYourRights */,
				5AF4E7731EBE72A700523531 /* KnowYourRightsTests */,
				5AF4E77E1EBE72A700523531 /* KnowYourRightsUITests */,
			);
		};
/* End PBXProject section */

/* Begin PBXResourcesBuildPhase section */
		5AF4E75C1EBE72A600523531 /* Resources */ = {
			isa = PBXResourcesBuildPhase;
			buildActionMask = 2147483647;
			files = (
				5AF4E76E1EBE72A600523531 /* LaunchScreen.storyboard in Resources */,
				5ACF7B571F5C6EC4004C76D3 /* Localizable.strings in Resources */,
				5AF4E76B1EBE72A600523531 /* Assets.xcassets in Resources */,
				5AF4E7691EBE72A600523531 /* Main.storyboard in Resources */,
				5AFE946D1EC77676004693C5 /* Resources.bundle in Resources */,
				5AEBF4471EDE740900C349F5 /* InfoPlist.strings in Resources */,
			);
			runOnlyForDeploymentPostprocessing = 0;
		};
		5AF4E7721EBE72A700523531 /* Resources */ = {
			isa = PBXResourcesBuildPhase;
			buildActionMask = 2147483647;
			files = (
			);
			runOnlyForDeploymentPostprocessing = 0;
		};
		5AF4E77D1EBE72A700523531 /* Resources */ = {
			isa = PBXResourcesBuildPhase;
			buildActionMask = 2147483647;
			files = (
			);
			runOnlyForDeploymentPostprocessing = 0;
		};
/* End PBXResourcesBuildPhase section */

/* Begin PBXSourcesBuildPhase section */
		5AF4E75A1EBE72A600523531 /* Sources */ = {
			isa = PBXSourcesBuildPhase;
			buildActionMask = 2147483647;
			files = (
				5AF4E7921EBE7AAA00523531 /* ToOfficersViewController.swift in Sources */,
				5AF4E7661EBE72A600523531 /* HotlineViewController.swift in Sources */,
				5AF4E7621EBE72A600523531 /* AppDelegate.swift in Sources */,
				5AF4E7641EBE72A600523531 /* YourRightsViewController.swift in Sources */,
			);
			runOnlyForDeploymentPostprocessing = 0;
		};
		5AF4E7701EBE72A700523531 /* Sources */ = {
			isa = PBXSourcesBuildPhase;
			buildActionMask = 2147483647;
			files = (
				5AF4E7791EBE72A700523531 /* KnowYourRightsTests.swift in Sources */,
			);
			runOnlyForDeploymentPostprocessing = 0;
		};
		5AF4E77B1EBE72A700523531 /* Sources */ = {
			isa = PBXSourcesBuildPhase;
			buildActionMask = 2147483647;
			files = (
				5AF4E7841EBE72A700523531 /* KnowYourRightsUITests.swift in Sources */,
			);
			runOnlyForDeploymentPostprocessing = 0;
		};
/* End PBXSourcesBuildPhase section */

/* Begin PBXTargetDependency section */
		5AF4E7761EBE72A700523531 /* PBXTargetDependency */ = {
			isa = PBXTargetDependency;
			target = 5AF4E75D1EBE72A600523531 /* KnowYourRights */;
			targetProxy = 5AF4E7751EBE72A700523531 /* PBXContainerItemProxy */;
		};
		5AF4E7811EBE72A700523531 /* PBXTargetDependency */ = {
			isa = PBXTargetDependency;
			target = 5AF4E75D1EBE72A600523531 /* KnowYourRights */;
			targetProxy = 5AF4E7801EBE72A700523531 /* PBXContainerItemProxy */;
		};
/* End PBXTargetDependency section */

/* Begin PBXVariantGroup section */
		5ACF7B551F5C6EC4004C76D3 /* Localizable.strings */ = {
			isa = PBXVariantGroup;
			children = (
				5ACF7B561F5C6EC4004C76D3 /* Base */,
				5ADDA66F1F5CED6000F23CAF /* es */,
				5A3A2C571F5CEF3600A589CC /* ko */,
				5A3A2C581F5CEF3B00A589CC /* pt */,
				5A3A2C591F5CEF3D00A589CC /* zh-Hans */,
			);
			name = Localizable.strings;
			sourceTree = "<group>";
		};
		5AEBF43A1EDE676800C349F5 /* Info.plist */ = {
			isa = PBXVariantGroup;
			children = (
				5AEBF43F1EDE67DF00C349F5 /* Base */,
			);
			name = Info.plist;
			sourceTree = "<group>";
		};
		5AEBF4451EDE740900C349F5 /* InfoPlist.strings */ = {
			isa = PBXVariantGroup;
			children = (
				5AEBF4461EDE740900C349F5 /* Base */,
				5AEBF4481EDE745800C349F5 /* ko */,
				5AEBF4491EDE745E00C349F5 /* pt */,
				5AEBF44A1EDE745F00C349F5 /* es */,
				5AEBF44B1EDE746000C349F5 /* zh-Hans */,
			);
			name = InfoPlist.strings;
			sourceTree = "<group>";
		};
		5AF4E7671EBE72A600523531 /* Main.storyboard */ = {
			isa = PBXVariantGroup;
			children = (
				5AF4E7681EBE72A600523531 /* Base */,
				5A882FC91EDD2CB6006DD0C0 /* zh-Hans */,
				5A882FCB1EDD2CCF006DD0C0 /* es */,
				5A882FCF1EDD2D04006DD0C0 /* pt */,
				5AEBF4381EDE65DE00C349F5 /* ko */,
			);
			name = Main.storyboard;
			sourceTree = "<group>";
		};
		5AF4E76C1EBE72A600523531 /* LaunchScreen.storyboard */ = {
			isa = PBXVariantGroup;
			children = (
				5AF4E76D1EBE72A600523531 /* Base */,
				5A882FCA1EDD2CC0006DD0C0 /* zh-Hans */,
				5A882FCC1EDD2CD0006DD0C0 /* es */,
				5A882FCE1EDD2CDD006DD0C0 /* ko */,
				5A882FD01EDD2D04006DD0C0 /* pt */,
			);
			name = LaunchScreen.storyboard;
			sourceTree = "<group>";
		};
/* End PBXVariantGroup section */

/* Begin XCBuildConfiguration section */
		5AF4E7861EBE72A700523531 /* Debug */ = {
			isa = XCBuildConfiguration;
			buildSettings = {
				ALWAYS_SEARCH_USER_PATHS = NO;
				CLANG_ANALYZER_LOCALIZABILITY_NONLOCALIZED = YES;
				CLANG_ANALYZER_NONNULL = YES;
				CLANG_ANALYZER_NUMBER_OBJECT_CONVERSION = YES_AGGRESSIVE;
				CLANG_CXX_LANGUAGE_STANDARD = "gnu++0x";
				CLANG_CXX_LIBRARY = "libc++";
				CLANG_ENABLE_MODULES = YES;
				CLANG_ENABLE_OBJC_ARC = YES;
				CLANG_WARN_BLOCK_CAPTURE_AUTORELEASING = YES;
				CLANG_WARN_BOOL_CONVERSION = YES;
				CLANG_WARN_COMMA = YES;
				CLANG_WARN_CONSTANT_CONVERSION = YES;
				CLANG_WARN_DIRECT_OBJC_ISA_USAGE = YES_ERROR;
				CLANG_WARN_DOCUMENTATION_COMMENTS = YES;
				CLANG_WARN_EMPTY_BODY = YES;
				CLANG_WARN_ENUM_CONVERSION = YES;
				CLANG_WARN_INFINITE_RECURSION = YES;
				CLANG_WARN_INT_CONVERSION = YES;
				CLANG_WARN_NON_LITERAL_NULL_CONVERSION = YES;
				CLANG_WARN_OBJC_LITERAL_CONVERSION = YES;
				CLANG_WARN_OBJC_ROOT_CLASS = YES_ERROR;
				CLANG_WARN_RANGE_LOOP_ANALYSIS = YES;
				CLANG_WARN_STRICT_PROTOTYPES = YES;
				CLANG_WARN_SUSPICIOUS_MOVE = YES;
				CLANG_WARN_UNREACHABLE_CODE = YES;
				CLANG_WARN__DUPLICATE_METHOD_MATCH = YES;
				"CODE_SIGN_IDENTITY[sdk=iphoneos*]" = "iPhone Developer";
				COPY_PHASE_STRIP = NO;
				DEBUG_INFORMATION_FORMAT = dwarf;
				ENABLE_STRICT_OBJC_MSGSEND = YES;
				ENABLE_TESTABILITY = YES;
				GCC_C_LANGUAGE_STANDARD = gnu99;
				GCC_DYNAMIC_NO_PIC = NO;
				GCC_NO_COMMON_BLOCKS = YES;
				GCC_OPTIMIZATION_LEVEL = 0;
				GCC_PREPROCESSOR_DEFINITIONS = (
					"DEBUG=1",
					"$(inherited)",
				);
				GCC_WARN_64_TO_32_BIT_CONVERSION = YES;
				GCC_WARN_ABOUT_RETURN_TYPE = YES_ERROR;
				GCC_WARN_UNDECLARED_SELECTOR = YES;
				GCC_WARN_UNINITIALIZED_AUTOS = YES_AGGRESSIVE;
				GCC_WARN_UNUSED_FUNCTION = YES;
				GCC_WARN_UNUSED_VARIABLE = YES;
				IPHONEOS_DEPLOYMENT_TARGET = 10.3;
				MTL_ENABLE_DEBUG_INFO = YES;
				ONLY_ACTIVE_ARCH = YES;
				SDKROOT = iphoneos;
				SWIFT_ACTIVE_COMPILATION_CONDITIONS = DEBUG;
				SWIFT_OPTIMIZATION_LEVEL = "-Onone";
				TARGETED_DEVICE_FAMILY = "1,2";
			};
			name = Debug;
		};
		5AF4E7871EBE72A700523531 /* Release */ = {
			isa = XCBuildConfiguration;
			buildSettings = {
				ALWAYS_SEARCH_USER_PATHS = NO;
				CLANG_ANALYZER_LOCALIZABILITY_NONLOCALIZED = YES;
				CLANG_ANALYZER_NONNULL = YES;
				CLANG_ANALYZER_NUMBER_OBJECT_CONVERSION = YES_AGGRESSIVE;
				CLANG_CXX_LANGUAGE_STANDARD = "gnu++0x";
				CLANG_CXX_LIBRARY = "libc++";
				CLANG_ENABLE_MODULES = YES;
				CLANG_ENABLE_OBJC_ARC = YES;
				CLANG_WARN_BLOCK_CAPTURE_AUTORELEASING = YES;
				CLANG_WARN_BOOL_CONVERSION = YES;
				CLANG_WARN_COMMA = YES;
				CLANG_WARN_CONSTANT_CONVERSION = YES;
				CLANG_WARN_DIRECT_OBJC_ISA_USAGE = YES_ERROR;
				CLANG_WARN_DOCUMENTATION_COMMENTS = YES;
				CLANG_WARN_EMPTY_BODY = YES;
				CLANG_WARN_ENUM_CONVERSION = YES;
				CLANG_WARN_INFINITE_RECURSION = YES;
				CLANG_WARN_INT_CONVERSION = YES;
				CLANG_WARN_NON_LITERAL_NULL_CONVERSION = YES;
				CLANG_WARN_OBJC_LITERAL_CONVERSION = YES;
				CLANG_WARN_OBJC_ROOT_CLASS = YES_ERROR;
				CLANG_WARN_RANGE_LOOP_ANALYSIS = YES;
				CLANG_WARN_STRICT_PROTOTYPES = YES;
				CLANG_WARN_SUSPICIOUS_MOVE = YES;
				CLANG_WARN_UNREACHABLE_CODE = YES;
				CLANG_WARN__DUPLICATE_METHOD_MATCH = YES;
				"CODE_SIGN_IDENTITY[sdk=iphoneos*]" = "iPhone Developer";
				COPY_PHASE_STRIP = NO;
				DEBUG_INFORMATION_FORMAT = "dwarf-with-dsym";
				ENABLE_NS_ASSERTIONS = NO;
				ENABLE_STRICT_OBJC_MSGSEND = YES;
				GCC_C_LANGUAGE_STANDARD = gnu99;
				GCC_NO_COMMON_BLOCKS = YES;
				GCC_WARN_64_TO_32_BIT_CONVERSION = YES;
				GCC_WARN_ABOUT_RETURN_TYPE = YES_ERROR;
				GCC_WARN_UNDECLARED_SELECTOR = YES;
				GCC_WARN_UNINITIALIZED_AUTOS = YES_AGGRESSIVE;
				GCC_WARN_UNUSED_FUNCTION = YES;
				GCC_WARN_UNUSED_VARIABLE = YES;
				IPHONEOS_DEPLOYMENT_TARGET = 10.3;
				MTL_ENABLE_DEBUG_INFO = NO;
				SDKROOT = iphoneos;
				SWIFT_OPTIMIZATION_LEVEL = "-Owholemodule";
				TARGETED_DEVICE_FAMILY = "1,2";
				VALIDATE_PRODUCT = YES;
			};
			name = Release;
		};
		5AF4E7891EBE72A700523531 /* Debug */ = {
			isa = XCBuildConfiguration;
			buildSettings = {
				ASSETCATALOG_COMPILER_APPICON_NAME = AppIcon;
				"CODE_SIGN_IDENTITY[sdk=iphoneos*]" = "iPhone Developer";
				DEVELOPMENT_TEAM = "";
				INFOPLIST_FILE = KnowYourRights/Info.plist;
				IPHONEOS_DEPLOYMENT_TARGET = 9.0;
				LD_RUNPATH_SEARCH_PATHS = "$(inherited) @executable_path/Frameworks";
				PRODUCT_BUNDLE_IDENTIFIER = org.krcla.KnowYourRights;
				PRODUCT_NAME = "$(TARGET_NAME)";
				PROVISIONING_PROFILE = "";
				PROVISIONING_PROFILE_SPECIFIER = "";
				SWIFT_SWIFT3_OBJC_INFERENCE = Off;
				SWIFT_VERSION = 4.0;
			};
			name = Debug;
		};
		5AF4E78A1EBE72A700523531 /* Release */ = {
			isa = XCBuildConfiguration;
			buildSettings = {
				ASSETCATALOG_COMPILER_APPICON_NAME = AppIcon;
				"CODE_SIGN_IDENTITY[sdk=iphoneos*]" = "iPhone Developer";
				DEVELOPMENT_TEAM = "";
				INFOPLIST_FILE = KnowYourRights/Info.plist;
				IPHONEOS_DEPLOYMENT_TARGET = 9.0;
				LD_RUNPATH_SEARCH_PATHS = "$(inherited) @executable_path/Frameworks";
				PRODUCT_BUNDLE_IDENTIFIER = org.krcla.KnowYourRights;
				PRODUCT_NAME = "$(TARGET_NAME)";
				PROVISIONING_PROFILE = "";
				PROVISIONING_PROFILE_SPECIFIER = "";
				SWIFT_SWIFT3_OBJC_INFERENCE = Off;
				SWIFT_VERSION = 4.0;
			};
			name = Release;
		};
		5AF4E78C1EBE72A700523531 /* Debug */ = {
			isa = XCBuildConfiguration;
			buildSettings = {
				ALWAYS_EMBED_SWIFT_STANDARD_LIBRARIES = YES;
				BUNDLE_LOADER = "$(TEST_HOST)";
				INFOPLIST_FILE = KnowYourRightsTests/Info.plist;
				LD_RUNPATH_SEARCH_PATHS = "$(inherited) @executable_path/Frameworks @loader_path/Frameworks";
				PRODUCT_BUNDLE_IDENTIFIER = org.nakasec.KnowYourRightsTests;
				PRODUCT_NAME = "$(TARGET_NAME)";
				SWIFT_SWIFT3_OBJC_INFERENCE = On;
				SWIFT_VERSION = 4.0;
				TEST_HOST = "$(BUILT_PRODUCTS_DIR)/KnowYourRights.app/KnowYourRights";
			};
			name = Debug;
		};
		5AF4E78D1EBE72A700523531 /* Release */ = {
			isa = XCBuildConfiguration;
			buildSettings = {
				ALWAYS_EMBED_SWIFT_STANDARD_LIBRARIES = YES;
				BUNDLE_LOADER = "$(TEST_HOST)";
				INFOPLIST_FILE = KnowYourRightsTests/Info.plist;
				LD_RUNPATH_SEARCH_PATHS = "$(inherited) @executable_path/Frameworks @loader_path/Frameworks";
				PRODUCT_BUNDLE_IDENTIFIER = org.nakasec.KnowYourRightsTests;
				PRODUCT_NAME = "$(TARGET_NAME)";
				SWIFT_SWIFT3_OBJC_INFERENCE = On;
				SWIFT_VERSION = 4.0;
				TEST_HOST = "$(BUILT_PRODUCTS_DIR)/KnowYourRights.app/KnowYourRights";
			};
			name = Release;
		};
		5AF4E78F1EBE72A700523531 /* Debug */ = {
			isa = XCBuildConfiguration;
			buildSettings = {
				ALWAYS_EMBED_SWIFT_STANDARD_LIBRARIES = YES;
				INFOPLIST_FILE = KnowYourRightsUITests/Info.plist;
				LD_RUNPATH_SEARCH_PATHS = "$(inherited) @executable_path/Frameworks @loader_path/Frameworks";
				PRODUCT_BUNDLE_IDENTIFIER = org.nakasec.KnowYourRightsUITests;
				PRODUCT_NAME = "$(TARGET_NAME)";
				SWIFT_SWIFT3_OBJC_INFERENCE = On;
				SWIFT_VERSION = 4.0;
				TEST_TARGET_NAME = KnowYourRights;
			};
			name = Debug;
		};
		5AF4E7901EBE72A700523531 /* Release */ = {
			isa = XCBuildConfiguration;
			buildSettings = {
				ALWAYS_EMBED_SWIFT_STANDARD_LIBRARIES = YES;
				INFOPLIST_FILE = KnowYourRightsUITests/Info.plist;
				LD_RUNPATH_SEARCH_PATHS = "$(inherited) @executable_path/Frameworks @loader_path/Frameworks";
				PRODUCT_BUNDLE_IDENTIFIER = org.nakasec.KnowYourRightsUITests;
				PRODUCT_NAME = "$(TARGET_NAME)";
				SWIFT_SWIFT3_OBJC_INFERENCE = On;
				SWIFT_VERSION = 4.0;
				TEST_TARGET_NAME = KnowYourRights;
			};
			name = Release;
		};
/* End XCBuildConfiguration section */

/* Begin XCConfigurationList section */
		5AF4E7591EBE72A600523531 /* Build configuration list for PBXProject "KnowYourRights" */ = {
			isa = XCConfigurationList;
			buildConfigurations = (
				5AF4E7861EBE72A700523531 /* Debug */,
				5AF4E7871EBE72A700523531 /* Release */,
			);
			defaultConfigurationIsVisible = 0;
			defaultConfigurationName = Release;
		};
		5AF4E7881EBE72A700523531 /* Build configuration list for PBXNativeTarget "KnowYourRights" */ = {
			isa = XCConfigurationList;
			buildConfigurations = (
				5AF4E7891EBE72A700523531 /* Debug */,
				5AF4E78A1EBE72A700523531 /* Release */,
			);
			defaultConfigurationIsVisible = 0;
			defaultConfigurationName = Release;
		};
		5AF4E78B1EBE72A700523531 /* Build configuration list for PBXNativeTarget "KnowYourRightsTests" */ = {
			isa = XCConfigurationList;
			buildConfigurations = (
				5AF4E78C1EBE72A700523531 /* Debug */,
				5AF4E78D1EBE72A700523531 /* Release */,
			);
			defaultConfigurationIsVisible = 0;
			defaultConfigurationName = Release;
		};
		5AF4E78E1EBE72A700523531 /* Build configuration list for PBXNativeTarget "KnowYourRightsUITests" */ = {
			isa = XCConfigurationList;
			buildConfigurations = (
				5AF4E78F1EBE72A700523531 /* Debug */,
				5AF4E7901EBE72A700523531 /* Release */,
			);
			defaultConfigurationIsVisible = 0;
			defaultConfigurationName = Release;
		};
/* End XCConfigurationList section */
	};
	rootObject = 5AF4E7561EBE72A600523531 /* Project object */;
}
